
Microsoft Visual Studio Solution File, Format Version 12.00
Project("{FAE04EC0-301F-11D3-BF4B-00C04F79EFBC}") = "ClusterAnalysis.WinForms", "ClusterAnalysis.WinForms\ClusterAnalysis.WinForms.csproj", "{732B6892-37A8-4B16-A57F-B534672E6741}"
EndProject
Global
	GlobalSection(SolutionConfigurationPlatforms) = preSolution
		Debug|Any CPU = Debug|Any CPU
		Release|Any CPU = Release|Any CPU
	EndGlobalSection
	GlobalSection(ProjectConfigurationPlatforms) = postSolution
		{732B6892-37A8-4B16-A57F-B534672E6741}.Debug|Any CPU.ActiveCfg = Debug|Any CPU
		{732B6892-37A8-4B16-A57F-B534672E6741}.Debug|Any CPU.Build.0 = Debug|Any CPU
		{732B6892-37A8-4B16-A57F-B534672E6741}.Release|Any CPU.ActiveCfg = Release|Any CPU
		{732B6892-37A8-4B16-A57F-B534672E6741}.Release|Any CPU.Build.0 = Release|Any CPU
	EndGlobalSection
EndGlobal
